
Microsoft Visual Studio Solution File, Format Version 12.00
# Visual Studio Version 17
VisualStudioVersion = 17.7.34003.232
MinimumVisualStudioVersion = 10.0.40219.1
Project("{FAE04EC0-301F-11D3-BF4B-00C04F79EFBC}") = "CodeGenerate", "CodeGenerate.csproj", "{93CDB4D9-D5D1-46E1-A8B3-E8840D2B8692}"
EndProject
Global
	GlobalSection(SolutionConfigurationPlatforms) = preSolution
		Debug|Any CPU = Debug|Any CPU
		Release|Any CPU = Release|Any CPU
	EndGlobalSection
	GlobalSection(ProjectConfigurationPlatforms) = postSolution
		{93CDB4D9-D5D1-46E1-A8B3-E8840D2B8692}.Debug|Any CPU.ActiveCfg = Debug|Any CPU
		{93CDB4D9-D5D1-46E1-A8B3-E8840D2B8692}.Debug|Any CPU.Build.0 = Debug|Any CPU
		{93CDB4D9-D5D1-46E1-A8B3-E8840D2B8692}.Release|Any CPU.ActiveCfg = Release|Any CPU
		{93CDB4D9-D5D1-46E1-A8B3-E8840D2B8692}.Release|Any CPU.Build.0 = Release|Any CPU
	EndGlobalSection
	GlobalSection(SolutionProperties) = preSolution
		HideSolutionNode = FALSE
	EndGlobalSection
	GlobalSection(ExtensibilityGlobals) = postSolution
		SolutionGuid = {D9B5800B-3AFF-4671-A5BA-E8204E6B1A80}
	EndGlobalSection
EndGlobal
